// !$*UTF8*$!
{
	archiveVersion = 1;
	classes = {
	};
	objectVersion = 50;
	objects = {

/* Begin PBXBuildFile section */
		AFFFE5862444F69C00F72765 /* AppDelegate.swift in Sources */ = {isa = PBXBuildFile; fileRef = AFFFE5852444F69C00F72765 /* AppDelegate.swift */; };
		AFFFE5882444F69C00F72765 /* SceneDelegate.swift in Sources */ = {isa = PBXBuildFile; fileRef = AFFFE5872444F69C00F72765 /* SceneDelegate.swift */; };
		AFFFE58A2444F69C00F72765 /* ViewController.swift in Sources */ = {isa = PBXBuildFile; fileRef = AFFFE5892444F69C00F72765 /* ViewController.swift */; };
		AFFFE58D2444F69C00F72765 /* Main.storyboard in Resources */ = {isa = PBXBuildFile; fileRef = AFFFE58B2444F69C00F72765 /* Main.storyboard */; };
		AFFFE58F2444F69C00F72765 /* Assets.xcassets in Resources */ = {isa = PBXBuildFile; fileRef = AFFFE58E2444F69C00F72765 /* Assets.xcassets */; };
		AFFFE5922444F69C00F72765 /* LaunchScreen.storyboard in Resources */ = {isa = PBXBuildFile; fileRef = AFFFE5902444F69C00F72765 /* LaunchScreen.storyboard */; };
/* End PBXBuildFile section */

/* Begin PBXFileReference section */
		AFFFE5822444F69C00F72765 /* timer-eggs.app */ = {isa = PBXFileReference; explicitFileType = wrapper.application; includeInIndex = 0; path = "timer-eggs.app"; sourceTree = BUILT_PRODUCTS_DIR; };
		AFFFE5852444F69C00F72765 /* AppDelegate.swift */ = {isa = PBXFileReference; lastKnownFileType = sourcecode.swift; path = AppDelegate.swift; sourceTree = "<group>"; };
		AFFFE5872444F69C00F72765 /* SceneDelegate.swift */ = {isa = PBXFileReference; lastKnownFileType = sourcecode.swift; path = SceneDelegate.swift; sourceTree = "<group>"; };
		AFFFE5892444F69C00F72765 /* ViewController.swift */ = {isa = PBXFileReference; lastKnownFileType = sourcecode.swift; path = ViewController.swift; sourceTree = "<group>"; };
		AFFFE58C2444F69C00F72765 /* Base */ = {isa = PBXFileReference; lastKnownFileType = file.storyboard; name = Base; path = Base.lproj/Main.storyboard; sourceTree = "<group>"; };
		AFFFE58E2444F69C00F72765 /* Assets.xcassets */ = {isa = PBXFileReference; lastKnownFileType = folder.assetcatalog; path = Assets.xcassets; sourceTree = "<group>"; };
		AFFFE5912444F69C00F72765 /* Base */ = {isa = PBXFileReference; lastKnownFileType = file.storyboard; name = Base; path = Base.lproj/LaunchScreen.storyboard; sourceTree = "<group>"; };
		AFFFE5932444F69C00F72765 /* Info.plist */ = {isa = PBXFileReference; lastKnownFileType = text.plist.xml; path = Info.plist; sourceTree = "<group>"; };
/* End PBXFileReference section */

/* Begin PBXFrameworksBuildPhase section */
		AFFFE57F2444F69C00F72765 /* Frameworks */ = {
			isa = PBXFrameworksBuildPhase;
			buildActionMask = 2147483647;
			files = (
			);
			runOnlyForDeploymentPostprocessing = 0;
		};
/* End PBXFrameworksBuildPhase section */

/* Begin PBXGroup section */
		AFFFE5792444F69C00F72765 = {
			isa = PBXGroup;
			children = (
				AFFFE5842444F69C00F72765 /* timer-eggs */,
				AFFFE5832444F69C00F72765 /* Products */,
			);
			sourceTree = "<group>";
		};
		AFFFE5832444F69C00F72765 /* Products */ = {
			isa = PBXGroup;
			children = (
				AFFFE5822444F69C00F72765 /* timer-eggs.app */,
			);
			name = Products;
			sourceTree = "<group>";
		};
		AFFFE5842444F69C00F72765 /* timer-eggs */ = {
			isa = PBXGroup;
			children = (
				AFFFE5852444F69C00F72765 /* AppDelegate.swift */,
				AFFFE5872444F69C00F72765 /* SceneDelegate.swift */,
				AFFFE5892444F69C00F72765 /* ViewController.swift */,
				AFFFE58B2444F69C00F72765 /* Main.storyboard */,
				AFFFE58E2444F69C00F72765 /* Assets.xcassets */,
				AFFFE5902444F69C00F72765 /* LaunchScreen.storyboard */,
				AFFFE5932444F69C00F72765 /* Info.plist */,
			);
			path = "timer-eggs";
			sourceTree = "<group>";
		};
/* End PBXGroup section */

/* Begin PBXNativeTarget section */
		AFFFE5812444F69C00F72765 /* timer-eggs */ = {
			isa = PBXNativeTarget;
			buildConfigurationList = AFFFE5962444F69C00F72765 /* Build configuration list for PBXNativeTarget "timer-eggs" */;
			buildPhases = (
				AFFFE57E2444F69C00F72765 /* Sources */,
				AFFFE57F2444F69C00F72765 /* Frameworks */,
				AFFFE5802444F69C00F72765 /* Resources */,
			);
			buildRules = (
			);
			dependencies = (
			);
			name = "timer-eggs";
			productName = "timer-eggs";
			productReference = AFFFE5822444F69C00F72765 /* timer-eggs.app */;
			productType = "com.apple.product-type.application";
		};
/* End PBXNativeTarget section */

/* Begin PBXProject section */
		AFFFE57A2444F69C00F72765 /* Project object */ = {
			isa = PBXProject;
			attributes = {
				LastSwiftUpdateCheck = 1140;
				LastUpgradeCheck = 1140;
				ORGANIZATIONNAME = "Mike Di’ Lulo";
				TargetAttributes = {
					AFFFE5812444F69C00F72765 = {
						CreatedOnToolsVersion = 11.4;
					};
				};
			};
			buildConfigurationList = AFFFE57D2444F69C00F72765 /* Build configuration list for PBXProject "timer-eggs" */;
			compatibilityVersion = "Xcode 9.3";
			developmentRegion = en;
			hasScannedForEncodings = 0;
			knownRegions = (
				en,
				Base,
			);
			mainGroup = AFFFE5792444F69C00F72765;
			productRefGroup = AFFFE5832444F69C00F72765 /* Products */;
			projectDirPath = "";
			projectRoot = "";
			targets = (
				AFFFE5812444F69C00F72765 /* timer-eggs */,
			);
		};
/* End PBXProject section */

/* Begin PBXResourcesBuildPhase section */
		AFFFE5802444F69C00F72765 /* Resources */ = {
			isa = PBXResourcesBuildPhase;
			buildActionMask = 2147483647;
			files = (
				AFFFE5922444F69C00F72765 /* LaunchScreen.storyboard in Resources */,
				AFFFE58F2444F69C00F72765 /* Assets.xcassets in Resources */,
				AFFFE58D2444F69C00F72765 /* Main.storyboard in Resources */,
			);
			runOnlyForDeploymentPostprocessing = 0;
		};
/* End PBXResourcesBuildPhase section */

/* Begin PBXSourcesBuildPhase section */
		AFFFE57E2444F69C00F72765 /* Sources */ = {
			isa = PBXSourcesBuildPhase;
			buildActionMask = 2147483647;
			files = (
				AFFFE58A2444F69C00F72765 /* ViewController.swift in Sources */,
				AFFFE5862444F69C00F72765 /* AppDelegate.swift in Sources */,
				AFFFE5882444F69C00F72765 /* SceneDelegate.swift in Sources */,
			);
			runOnlyForDeploymentPostprocessing = 0;
		};
/* End PBXSourcesBuildPhase section */

/* Begin PBXVariantGroup section */
		AFFFE58B2444F69C00F72765 /* Main.storyboard */ = {
			isa = PBXVariantGroup;
			children = (
				AFFFE58C2444F69C00F72765 /* Base */,
			);
			name = Main.storyboard;
			sourceTree = "<group>";
		};
		AFFFE5902444F69C00F72765 /* LaunchScreen.storyboard */ = {
			isa = PBXVariantGroup;
			children = (
				AFFFE5912444F69C00F72765 /* Base */,
			);
			name = LaunchScreen.storyboard;
			sourceTree = "<group>";
		};
/* End PBXVariantGroup section */

/* Begin XCBuildConfiguration section */
		AFFFE5942444F69C00F72765 /* Debug */ = {
			isa = XCBuildConfiguration;
			buildSettings = {
				ALWAYS_SEARCH_USER_PATHS = NO;
				CLANG_ANALYZER_NONNULL = YES;
				CLANG_ANALYZER_NUMBER_OBJECT_CONVERSION = YES_AGGRESSIVE;
				CLANG_CXX_LANGUAGE_STANDARD = "gnu++14";
				CLANG_CXX_LIBRARY = "libc++";
				CLANG_ENABLE_MODULES = YES;
				CLANG_ENABLE_OBJC_ARC = YES;
				CLANG_ENABLE_OBJC_WEAK = YES;
				CLANG_WARN_BLOCK_CAPTURE_AUTORELEASING = YES;
				CLANG_WARN_BOOL_CONVERSION = YES;
				CLANG_WARN_COMMA = YES;
				CLANG_WARN_CONSTANT_CONVERSION = YES;
				CLANG_WARN_DEPRECATED_OBJC_IMPLEMENTATIONS = YES;
				CLANG_WARN_DIRECT_OBJC_ISA_USAGE = YES_ERROR;
				CLANG_WARN_DOCUMENTATION_COMMENTS = YES;
				CLANG_WARN_EMPTY_BODY = YES;
				CLANG_WARN_ENUM_CONVERSION = YES;
				CLANG_WARN_INFINITE_RECURSION = YES;
				CLANG_WARN_INT_CONVERSION = YES;
				CLANG_WARN_NON_LITERAL_NULL_CONVERSION = YES;
				CLANG_WARN_OBJC_IMPLICIT_RETAIN_SELF = YES;
				CLANG_WARN_OBJC_LITERAL_CONVERSION = YES;
				CLANG_WARN_OBJC_ROOT_CLASS = YES_ERROR;
				CLANG_WARN_RANGE_LOOP_ANALYSIS = YES;
				CLANG_WARN_STRICT_PROTOTYPES = YES;
				CLANG_WARN_SUSPICIOUS_MOVE = YES;
				CLANG_WARN_UNGUARDED_AVAILABILITY = YES_AGGRESSIVE;
				CLANG_WARN_UNREACHABLE_CODE = YES;
				CLANG_WARN__DUPLICATE_METHOD_MATCH = YES;
				COPY_PHASE_STRIP = NO;
				DEBUG_INFORMATION_FORMAT = dwarf;
				ENABLE_STRICT_OBJC_MSGSEND = YES;
				ENABLE_TESTABILITY = YES;
				GCC_C_LANGUAGE_STANDARD = gnu11;
				GCC_DYNAMIC_NO_PIC = NO;
				GCC_NO_COMMON_BLOCKS = YES;
				GCC_OPTIMIZATION_LEVEL = 0;
				GCC_PREPROCESSOR_DEFINITIONS = (
					"DEBUG=1",
					"$(inherited)",
				);
				GCC_WARN_64_TO_32_BIT_CONVERSION = YES;
				GCC_WARN_ABOUT_RETURN_TYPE = YES_ERROR;
				GCC_WARN_UNDECLARED_SELECTOR = YES;
				GCC_WARN_UNINITIALIZED_AUTOS = YES_AGGRESSIVE;
				GCC_WARN_UNUSED_FUNCTION = YES;
				GCC_WARN_UNUSED_VARIABLE = YES;
				IPHONEOS_DEPLOYMENT_TARGET = 13.4;
				MTL_ENABLE_DEBUG_INFO = INCLUDE_SOURCE;
				MTL_FAST_MATH = YES;
				ONLY_ACTIVE_ARCH = YES;
				SDKROOT = iphoneos;
				SWIFT_ACTIVE_COMPILATION_CONDITIONS = DEBUG;
				SWIFT_OPTIMIZATION_LEVEL = "-Onone";
			};
			name = Debug;
		};
		AFFFE5952444F69C00F72765 /* Release */ = {
			isa = XCBuildConfiguration;
			buildSettings = {
				ALWAYS_SEARCH_USER_PATHS = NO;
				CLANG_ANALYZER_NONNULL = YES;
				CLANG_ANALYZER_NUMBER_OBJECT_CONVERSION = YES_AGGRESSIVE;
				CLANG_CXX_LANGUAGE_STANDARD = "gnu++14";
				CLANG_CXX_LIBRARY = "libc++";
				CLANG_ENABLE_MODULES = YES;
				CLANG_ENABLE_OBJC_ARC = YES;
				CLANG_ENABLE_OBJC_WEAK = YES;
				CLANG_WARN_BLOCK_CAPTURE_AUTORELEASING = YES;
				CLANG_WARN_BOOL_CONVERSION = YES;
				CLANG_WARN_COMMA = YES;
				CLANG_WARN_CONSTANT_CONVERSION = YES;
				CLANG_WARN_DEPRECATED_OBJC_IMPLEMENTATIONS = YES;
				CLANG_WARN_DIRECT_OBJC_ISA_USAGE = YES_ERROR;
				CLANG_WARN_DOCUMENTATION_COMMENTS = YES;
				CLANG_WARN_EMPTY_BODY = YES;
				CLANG_WARN_ENUM_CONVERSION = YES;
				CLANG_WARN_INFINITE_RECURSION = YES;
				CLANG_WARN_INT_CONVERSION = YES;
				CLANG_WARN_NON_LITERAL_NULL_CONVERSION = YES;
				CLANG_WARN_OBJC_IMPLICIT_RETAIN_SELF = YES;
				CLANG_WARN_OBJC_LITERAL_CONVERSION = YES;
				CLANG_WARN_OBJC_ROOT_CLASS = YES_ERROR;
				CLANG_WARN_RANGE_LOOP_ANALYSIS = YES;
				CLANG_WARN_STRICT_PROTOTYPES = YES;
				CLANG_WARN_SUSPICIOUS_MOVE = YES;
				CLANG_WARN_UNGUARDED_AVAILABILITY = YES_AGGRESSIVE;
				CLANG_WARN_UNREACHABLE_CODE = YES;
				CLANG_WARN__DUPLICATE_METHOD_MATCH = YES;
				COPY_PHASE_STRIP = NO;
				DEBUG_INFORMATION_FORMAT = "dwarf-with-dsym";
				ENABLE_NS_ASSERTIONS = NO;
				ENABLE_STRICT_OBJC_MSGSEND = YES;
				GCC_C_LANGUAGE_STANDARD = gnu11;
				GCC_NO_COMMON_BLOCKS = YES;
				GCC_WARN_64_TO_32_BIT_CONVERSION = YES;
				GCC_WARN_ABOUT_RETURN_TYPE = YES_ERROR;
				GCC_WARN_UNDECLARED_SELECTOR = YES;
				GCC_WARN_UNINITIALIZED_AUTOS = YES_AGGRESSIVE;
				GCC_WARN_UNUSED_FUNCTION = YES;
				GCC_WARN_UNUSED_VARIABLE = YES;
				IPHONEOS_DEPLOYMENT_TARGET = 13.4;
				MTL_ENABLE_DEBUG_INFO = NO;
				MTL_FAST_MATH = YES;
				SDKROOT = iphoneos;
				SWIFT_COMPILATION_MODE = wholemodule;
				SWIFT_OPTIMIZATION_LEVEL = "-O";
				VALIDATE_PRODUCT = YES;
			};
			name = Release;
		};
		AFFFE5972444F69C00F72765 /* Debug */ = {
			isa = XCBuildConfiguration;
			buildSettings = {
				ASSETCATALOG_COMPILER_APPICON_NAME = AppIcon;
				CODE_SIGN_STYLE = Automatic;
				DEVELOPMENT_TEAM = PQ2469A2C4;
				INFOPLIST_FILE = "timer-eggs/Info.plist";
				LD_RUNPATH_SEARCH_PATHS = (
					"$(inherited)",
					"@executable_path/Frameworks",
				);
				PRODUCT_BUNDLE_IDENTIFIER = "com.michaeldilulo.timer-eggs";
				PRODUCT_NAME = "$(TARGET_NAME)";
				SWIFT_VERSION = 5.0;
				TARGETED_DEVICE_FAMILY = "1,2";
			};
			name = Debug;
		};
		AFFFE5982444F69C00F72765 /* Release */ = {
			isa = XCBuildConfiguration;
			buildSettings = {
				ASSETCATALOG_COMPILER_APPICON_NAME = AppIcon;
				CODE_SIGN_STYLE = Automatic;
				DEVELOPMENT_TEAM = PQ2469A2C4;
				INFOPLIST_FILE = "timer-eggs/Info.plist";
				LD_RUNPATH_SEARCH_PATHS = (
					"$(inherited)",
					"@executable_path/Frameworks",
				);
				PRODUCT_BUNDLE_IDENTIFIER = "com.michaeldilulo.timer-eggs";
				PRODUCT_NAME = "$(TARGET_NAME)";
				SWIFT_VERSION = 5.0;
				TARGETED_DEVICE_FAMILY = "1,2";
			};
			name = Release;
		};
/* End XCBuildConfiguration section */

/* Begin XCConfigurationList section */
		AFFFE57D2444F69C00F72765 /* Build configuration list for PBXProject "timer-eggs" */ = {
			isa = XCConfigurationList;
			buildConfigurations = (
				AFFFE5942444F69C00F72765 /* Debug */,
				AFFFE5952444F69C00F72765 /* Release */,
			);
			defaultConfigurationIsVisible = 0;
			defaultConfigurationName = Release;
		};
		AFFFE5962444F69C00F72765 /* Build configuration list for PBXNativeTarget "timer-eggs" */ = {
			isa = XCConfigurationList;
			buildConfigurations = (
				AFFFE5972444F69C00F72765 /* Debug */,
				AFFFE5982444F69C00F72765 /* Release */,
			);
			defaultConfigurationIsVisible = 0;
			defaultConfigurationName = Release;
		};
/* End XCConfigurationList section */
	};
	rootObject = AFFFE57A2444F69C00F72765 /* Project object */;
}
